
Microsoft Visual Studio Solution File, Format Version 12.00
# Visual Studio Version 16
VisualStudioVersion = 16.0.30717.126
MinimumVisualStudioVersion = 10.0.40219.1
Project("{9A19103F-16F7-4668-BE54-9A1E7A4F7556}") = "MISA.CukCuk.Api", "MISA.CukCuk.Api\MISA.CukCuk.Api.csproj", "{99745F3B-3FD4-4A73-B3AD-047DF711CB53}"
EndProject
Project("{9A19103F-16F7-4668-BE54-9A1E7A4F7556}") = "MISA.ApplicationCore", "MISA.ApplicationCore\MISA.ApplicationCore.csproj", "{FDB76B60-649E-498C-9315-81E881AF6110}"
EndProject
Project("{9A19103F-16F7-4668-BE54-9A1E7A4F7556}") = "MISA.Infrastructure", "MISA.Infrastructure\MISA.Infrastructure.csproj", "{E00A84D3-0BB0-4A27-9C59-457D6BC11FDE}"
EndProject
Global
	GlobalSection(SolutionConfigurationPlatforms) = preSolution
		Debug|Any CPU = Debug|Any CPU
		Release|Any CPU = Release|Any CPU
	EndGlobalSection
	GlobalSection(ProjectConfigurationPlatforms) = postSolution
		{99745F3B-3FD4-4A73-B3AD-047DF711CB53}.Debug|Any CPU.ActiveCfg = Debug|Any CPU
		{99745F3B-3FD4-4A73-B3AD-047DF711CB53}.Debug|Any CPU.Build.0 = Debug|Any CPU
		{99745F3B-3FD4-4A73-B3AD-047DF711CB53}.Release|Any CPU.ActiveCfg = Release|Any CPU
		{99745F3B-3FD4-4A73-B3AD-047DF711CB53}.Release|Any CPU.Build.0 = Release|Any CPU
		{FDB76B60-649E-498C-9315-81E881AF6110}.Debug|Any CPU.ActiveCfg = Debug|Any CPU
		{FDB76B60-649E-498C-9315-81E881AF6110}.Debug|Any CPU.Build.0 = Debug|Any CPU
		{FDB76B60-649E-498C-9315-81E881AF6110}.Release|Any CPU.ActiveCfg = Release|Any CPU
		{FDB76B60-649E-498C-9315-81E881AF6110}.Release|Any CPU.Build.0 = Release|Any CPU
		{E00A84D3-0BB0-4A27-9C59-457D6BC11FDE}.Debug|Any CPU.ActiveCfg = Debug|Any CPU
		{E00A84D3-0BB0-4A27-9C59-457D6BC11FDE}.Debug|Any CPU.Build.0 = Debug|Any CPU
		{E00A84D3-0BB0-4A27-9C59-457D6BC11FDE}.Release|Any CPU.ActiveCfg = Release|Any CPU
		{E00A84D3-0BB0-4A27-9C59-457D6BC11FDE}.Release|Any CPU.Build.0 = Release|Any CPU
	EndGlobalSection
	GlobalSection(SolutionProperties) = preSolution
		HideSolutionNode = FALSE
	EndGlobalSection
	GlobalSection(ExtensibilityGlobals) = postSolution
		SolutionGuid = {1DB1A0F8-CED4-4B3F-A691-728649298EF8}
	EndGlobalSection
EndGlobal
